
Microsoft Visual Studio Solution File, Format Version 11.00
# Visual Studio 2010
Project("{FAE04EC0-301F-11D3-BF4B-00C04F79EFBC}") = "SumoMachine", "Assembly-CSharp-firstpass.csproj", "{20768981-F0F0-2244-4473-1C997EE97239}"
EndProject
Project("{FAE04EC0-301F-11D3-BF4B-00C04F79EFBC}") = "SumoMachine", "Assembly-CSharp.csproj", "{9192E4B6-1C1D-0E35-D0D4-2A44AAA4590C}"
EndProject
Project("{FAE04EC0-301F-11D3-BF4B-00C04F79EFBC}") = "SumoMachine", "Assembly-CSharp-Editor-firstpass.csproj", "{FEC62CB1-EB68-E52C-2698-05D481FD1389}"
EndProject
Global
	GlobalSection(SolutionConfigurationPlatforms) = preSolution
		Debug|Any CPU = Debug|Any CPU
		Release|Any CPU = Release|Any CPU
	EndGlobalSection
	GlobalSection(ProjectConfigurationPlatforms) = postSolution
		{20768981-F0F0-2244-4473-1C997EE97239}.Debug|Any CPU.ActiveCfg = Debug|Any CPU
		{20768981-F0F0-2244-4473-1C997EE97239}.Debug|Any CPU.Build.0 = Debug|Any CPU
		{20768981-F0F0-2244-4473-1C997EE97239}.Release|Any CPU.ActiveCfg = Release|Any CPU
		{20768981-F0F0-2244-4473-1C997EE97239}.Release|Any CPU.Build.0 = Release|Any CPU
		{9192E4B6-1C1D-0E35-D0D4-2A44AAA4590C}.Debug|Any CPU.ActiveCfg = Debug|Any CPU
		{9192E4B6-1C1D-0E35-D0D4-2A44AAA4590C}.Debug|Any CPU.Build.0 = Debug|Any CPU
		{9192E4B6-1C1D-0E35-D0D4-2A44AAA4590C}.Release|Any CPU.ActiveCfg = Release|Any CPU
		{9192E4B6-1C1D-0E35-D0D4-2A44AAA4590C}.Release|Any CPU.Build.0 = Release|Any CPU
		{FEC62CB1-EB68-E52C-2698-05D481FD1389}.Debug|Any CPU.ActiveCfg = Debug|Any CPU
		{FEC62CB1-EB68-E52C-2698-05D481FD1389}.Debug|Any CPU.Build.0 = Debug|Any CPU
		{FEC62CB1-EB68-E52C-2698-05D481FD1389}.Release|Any CPU.ActiveCfg = Release|Any CPU
		{FEC62CB1-EB68-E52C-2698-05D481FD1389}.Release|Any CPU.Build.0 = Release|Any CPU
	EndGlobalSection
	GlobalSection(SolutionProperties) = preSolution
		HideSolutionNode = FALSE
	EndGlobalSection
	GlobalSection(MonoDevelopProperties) = preSolution
		StartupItem = Assembly-CSharp.csproj
	EndGlobalSection
EndGlobal
