
Microsoft Visual Studio Solution File, Format Version 12.00
# Visual Studio 15
Project("{FAE04EC0-301F-11D3-BF4B-00C04F79EFBC}") = "SumoMachine.Plugins", "SumoMachine.Plugins.csproj", "{53F36E59-3A25-B927-938F-202806698047}"
EndProject
Project("{FAE04EC0-301F-11D3-BF4B-00C04F79EFBC}") = "SumoMachine", "SumoMachine.csproj", "{7E1D1C5E-22F4-729B-9D3E-E8ED8ECFD51C}"
EndProject
Project("{FAE04EC0-301F-11D3-BF4B-00C04F79EFBC}") = "SumoMachine.Editor.Plugins", "SumoMachine.Editor.Plugins.csproj", "{65F0F6E7-8A4D-E285-ED4B-EE8FCF65CF3F}"
EndProject
Global
	GlobalSection(SolutionConfigurationPlatforms) = preSolution
		Debug|Any CPU = Debug|Any CPU
		Release|Any CPU = Release|Any CPU
	EndGlobalSection
	GlobalSection(ProjectConfigurationPlatforms) = postSolution
		{53F36E59-3A25-B927-938F-202806698047}.Debug|Any CPU.ActiveCfg = Debug|Any CPU
		{53F36E59-3A25-B927-938F-202806698047}.Debug|Any CPU.Build.0 = Debug|Any CPU
		{53F36E59-3A25-B927-938F-202806698047}.Release|Any CPU.ActiveCfg = Release|Any CPU
		{53F36E59-3A25-B927-938F-202806698047}.Release|Any CPU.Build.0 = Release|Any CPU
		{7E1D1C5E-22F4-729B-9D3E-E8ED8ECFD51C}.Debug|Any CPU.ActiveCfg = Debug|Any CPU
		{7E1D1C5E-22F4-729B-9D3E-E8ED8ECFD51C}.Debug|Any CPU.Build.0 = Debug|Any CPU
		{7E1D1C5E-22F4-729B-9D3E-E8ED8ECFD51C}.Release|Any CPU.ActiveCfg = Release|Any CPU
		{7E1D1C5E-22F4-729B-9D3E-E8ED8ECFD51C}.Release|Any CPU.Build.0 = Release|Any CPU
		{65F0F6E7-8A4D-E285-ED4B-EE8FCF65CF3F}.Debug|Any CPU.ActiveCfg = Debug|Any CPU
		{65F0F6E7-8A4D-E285-ED4B-EE8FCF65CF3F}.Debug|Any CPU.Build.0 = Debug|Any CPU
		{65F0F6E7-8A4D-E285-ED4B-EE8FCF65CF3F}.Release|Any CPU.ActiveCfg = Release|Any CPU
		{65F0F6E7-8A4D-E285-ED4B-EE8FCF65CF3F}.Release|Any CPU.Build.0 = Release|Any CPU
	EndGlobalSection
	GlobalSection(SolutionProperties) = preSolution
		HideSolutionNode = FALSE
	EndGlobalSection
EndGlobal
